
Microsoft Visual Studio Solution File, Format Version 12.00
# Visual Studio Version 16
VisualStudioVersion = 16.0.31321.278
MinimumVisualStudioVersion = 10.0.40219.1
Project("{FAE04EC0-301F-11D3-BF4B-00C04F79EFBC}") = "Ejercicio25Version01", "Ejercicio25Version01\Ejercicio25Version01.csproj", "{31FE5758-3A16-4FB6-B69C-65EACCD76C72}"
EndProject
Global
	GlobalSection(SolutionConfigurationPlatforms) = preSolution
		Debug|Any CPU = Debug|Any CPU
		Release|Any CPU = Release|Any CPU
	EndGlobalSection
	GlobalSection(ProjectConfigurationPlatforms) = postSolution
		{31FE5758-3A16-4FB6-B69C-65EACCD76C72}.Debug|Any CPU.ActiveCfg = Debug|Any CPU
		{31FE5758-3A16-4FB6-B69C-65EACCD76C72}.Debug|Any CPU.Build.0 = Debug|Any CPU
		{31FE5758-3A16-4FB6-B69C-65EACCD76C72}.Release|Any CPU.ActiveCfg = Release|Any CPU
		{31FE5758-3A16-4FB6-B69C-65EACCD76C72}.Release|Any CPU.Build.0 = Release|Any CPU
	EndGlobalSection
	GlobalSection(SolutionProperties) = preSolution
		HideSolutionNode = FALSE
	EndGlobalSection
	GlobalSection(ExtensibilityGlobals) = postSolution
		SolutionGuid = {9EE97DE8-9461-46FB-B273-42F6D1261BBE}
	EndGlobalSection
EndGlobal
